
Microsoft Visual Studio Solution File, Format Version 12.00
# Visual Studio Version 17
VisualStudioVersion = 17.4.33213.308
MinimumVisualStudioVersion = 10.0.40219.1
Project("{888888A0-9F3D-457C-B088-3A5042F75D52}") = "pixyz-api-search", "pixyz-api-search.pyproj", "{9DBCD874-E4A4-47AC-94DB-A4518F813822}"
EndProject
Global
	GlobalSection(SolutionConfigurationPlatforms) = preSolution
		Debug|Any CPU = Debug|Any CPU
		Release|Any CPU = Release|Any CPU
	EndGlobalSection
	GlobalSection(ProjectConfigurationPlatforms) = postSolution
		{9DBCD874-E4A4-47AC-94DB-A4518F813822}.Debug|Any CPU.ActiveCfg = Debug|Any CPU
		{9DBCD874-E4A4-47AC-94DB-A4518F813822}.Release|Any CPU.ActiveCfg = Release|Any CPU
	EndGlobalSection
	GlobalSection(SolutionProperties) = preSolution
		HideSolutionNode = FALSE
	EndGlobalSection
	GlobalSection(ExtensibilityGlobals) = postSolution
		SolutionGuid = {B2455DF3-D4A0-439B-B072-3209829A5EC4}
	EndGlobalSection
EndGlobal
